// !$*UTF8*$!
{
	archiveVersion = 1;
	classes = {
	};
	objectVersion = 46;
	objects = {

/* Begin PBXBuildFile section */
		D8BB38391F176FE700C03AA0 /* 08_归并排序.m in Sources */ = {isa = PBXBuildFile; fileRef = D8BB38381F176FE700C03AA0 /* 08_归并排序.m */; };
		D8BB383B1F1778CE00C03AA0 /* 09_基数排序.m in Sources */ = {isa = PBXBuildFile; fileRef = D8BB383A1F1778CE00C03AA0 /* 09_基数排序.m */; };
/* End PBXBuildFile section */

/* Begin PBXCopyFilesBuildPhase section */
		D8CECD781DFAA83F0057A8DE /* CopyFiles */ = {
			isa = PBXCopyFilesBuildPhase;
			buildActionMask = 2147483647;
			dstPath = /usr/share/man/man1/;
			dstSubfolderSpec = 0;
			files = (
			);
			runOnlyForDeploymentPostprocessing = 1;
		};
/* End PBXCopyFilesBuildPhase section */

/* Begin PBXFileReference section */
		D84F46101DFD92F4002B7067 /* 02_直接插入排序.m */ = {isa = PBXFileReference; fileEncoding = 4; lastKnownFileType = sourcecode.c.objc; path = "02_直接插入排序.m"; sourceTree = "<group>"; };
		D8BB382F1F1725AD00C03AA0 /* 04_二分（插入）排序.m */ = {isa = PBXFileReference; fileEncoding = 4; lastKnownFileType = sourcecode.c.objc; path = "04_二分（插入）排序.m"; sourceTree = "<group>"; };
		D8BB38321F175D8C00C03AA0 /* 05_选择排序.m */ = {isa = PBXFileReference; fileEncoding = 4; lastKnownFileType = sourcecode.c.objc; path = "05_选择排序.m"; sourceTree = "<group>"; };
		D8BB38341F1763B700C03AA0 /* 06_快速排序.m */ = {isa = PBXFileReference; fileEncoding = 4; lastKnownFileType = sourcecode.c.objc; path = "06_快速排序.m"; sourceTree = "<group>"; };
		D8BB38361F176ABE00C03AA0 /* 07_堆排序.m */ = {isa = PBXFileReference; fileEncoding = 4; lastKnownFileType = sourcecode.c.objc; path = "07_堆排序.m"; sourceTree = "<group>"; };
		D8BB38381F176FE700C03AA0 /* 08_归并排序.m */ = {isa = PBXFileReference; fileEncoding = 4; lastKnownFileType = sourcecode.c.objc; path = "08_归并排序.m"; sourceTree = "<group>"; };
		D8BB383A1F1778CE00C03AA0 /* 09_基数排序.m */ = {isa = PBXFileReference; fileEncoding = 4; lastKnownFileType = sourcecode.c.objc; path = "09_基数排序.m"; sourceTree = "<group>"; };
		D8CECD7A1DFAA83F0057A8DE /* 排序算法1_冒泡排序 */ = {isa = PBXFileReference; explicitFileType = "compiled.mach-o.executable"; includeInIndex = 0; path = "排序算法1_冒泡排序"; sourceTree = BUILT_PRODUCTS_DIR; };
		D8CECD7D1DFAA83F0057A8DE /* 01_冒泡排序.m */ = {isa = PBXFileReference; lastKnownFileType = sourcecode.c.objc; path = "01_冒泡排序.m"; sourceTree = "<group>"; };
		D8D4F53A1F1702AA00BEE29A /* 03_希尔（插入）排序.m */ = {isa = PBXFileReference; fileEncoding = 4; lastKnownFileType = sourcecode.c.objc; path = "03_希尔（插入）排序.m"; sourceTree = "<group>"; };
/* End PBXFileReference section */

/* Begin PBXFrameworksBuildPhase section */
		D8CECD771DFAA83F0057A8DE /* Frameworks */ = {
			isa = PBXFrameworksBuildPhase;
			buildActionMask = 2147483647;
			files = (
			);
			runOnlyForDeploymentPostprocessing = 0;
		};
/* End PBXFrameworksBuildPhase section */

/* Begin PBXGroup section */
		D8CECD711DFAA83F0057A8DE = {
			isa = PBXGroup;
			children = (
				D8CECD7C1DFAA83F0057A8DE /* 排序算法1_冒泡排序 */,
				D8CECD7B1DFAA83F0057A8DE /* Products */,
			);
			sourceTree = "<group>";
		};
		D8CECD7B1DFAA83F0057A8DE /* Products */ = {
			isa = PBXGroup;
			children = (
				D8CECD7A1DFAA83F0057A8DE /* 排序算法1_冒泡排序 */,
			);
			name = Products;
			sourceTree = "<group>";
		};
		D8CECD7C1DFAA83F0057A8DE /* 排序算法1_冒泡排序 */ = {
			isa = PBXGroup;
			children = (
				D8CECD7D1DFAA83F0057A8DE /* 01_冒泡排序.m */,
				D84F46101DFD92F4002B7067 /* 02_直接插入排序.m */,
				D8D4F53A1F1702AA00BEE29A /* 03_希尔（插入）排序.m */,
				D8BB382F1F1725AD00C03AA0 /* 04_二分（插入）排序.m */,
				D8BB38321F175D8C00C03AA0 /* 05_选择排序.m */,
				D8BB38341F1763B700C03AA0 /* 06_快速排序.m */,
				D8BB38361F176ABE00C03AA0 /* 07_堆排序.m */,
				D8BB38381F176FE700C03AA0 /* 08_归并排序.m */,
				D8BB383A1F1778CE00C03AA0 /* 09_基数排序.m */,
			);
			path = "排序算法1_冒泡排序";
			sourceTree = "<group>";
		};
/* End PBXGroup section */

/* Begin PBXNativeTarget section */
		D8CECD791DFAA83F0057A8DE /* 排序算法1_冒泡排序 */ = {
			isa = PBXNativeTarget;
			buildConfigurationList = D8CECD811DFAA83F0057A8DE /* Build configuration list for PBXNativeTarget "排序算法1_冒泡排序" */;
			buildPhases = (
				D8CECD761DFAA83F0057A8DE /* Sources */,
				D8CECD771DFAA83F0057A8DE /* Frameworks */,
				D8CECD781DFAA83F0057A8DE /* CopyFiles */,
			);
			buildRules = (
			);
			dependencies = (
			);
			name = "排序算法1_冒泡排序";
			productName = "排序算法1_冒泡排序";
			productReference = D8CECD7A1DFAA83F0057A8DE /* 排序算法1_冒泡排序 */;
			productType = "com.apple.product-type.tool";
		};
/* End PBXNativeTarget section */

/* Begin PBXProject section */
		D8CECD721DFAA83F0057A8DE /* Project object */ = {
			isa = PBXProject;
			attributes = {
				LastUpgradeCheck = 0820;
				ORGANIZATIONNAME = wb2lz;
				TargetAttributes = {
					D8CECD791DFAA83F0057A8DE = {
						CreatedOnToolsVersion = 8.0;
						DevelopmentTeam = 8EZ2X7GSMS;
						ProvisioningStyle = Automatic;
					};
				};
			};
			buildConfigurationList = D8CECD751DFAA83F0057A8DE /* Build configuration list for PBXProject "排序算法1_冒泡排序" */;
			compatibilityVersion = "Xcode 3.2";
			developmentRegion = English;
			hasScannedForEncodings = 0;
			knownRegions = (
				en,
			);
			mainGroup = D8CECD711DFAA83F0057A8DE;
			productRefGroup = D8CECD7B1DFAA83F0057A8DE /* Products */;
			projectDirPath = "";
			projectRoot = "";
			targets = (
				D8CECD791DFAA83F0057A8DE /* 排序算法1_冒泡排序 */,
			);
		};
/* End PBXProject section */

/* Begin PBXSourcesBuildPhase section */
		D8CECD761DFAA83F0057A8DE /* Sources */ = {
			isa = PBXSourcesBuildPhase;
			buildActionMask = 2147483647;
			files = (
				D8BB38391F176FE700C03AA0 /* 08_归并排序.m in Sources */,
				D8BB383B1F1778CE00C03AA0 /* 09_基数排序.m in Sources */,
			);
			runOnlyForDeploymentPostprocessing = 0;
		};
/* End PBXSourcesBuildPhase section */

/* Begin XCBuildConfiguration section */
		D8CECD7F1DFAA83F0057A8DE /* Debug */ = {
			isa = XCBuildConfiguration;
			buildSettings = {
				ALWAYS_SEARCH_USER_PATHS = NO;
				CLANG_ANALYZER_NONNULL = YES;
				CLANG_CXX_LANGUAGE_STANDARD = "gnu++0x";
				CLANG_CXX_LIBRARY = "libc++";
				CLANG_ENABLE_MODULES = YES;
				CLANG_ENABLE_OBJC_ARC = YES;
				CLANG_WARN_BOOL_CONVERSION = YES;
				CLANG_WARN_CONSTANT_CONVERSION = YES;
				CLANG_WARN_DIRECT_OBJC_ISA_USAGE = YES_ERROR;
				CLANG_WARN_DOCUMENTATION_COMMENTS = YES;
				CLANG_WARN_EMPTY_BODY = YES;
				CLANG_WARN_ENUM_CONVERSION = YES;
				CLANG_WARN_INFINITE_RECURSION = YES;
				CLANG_WARN_INT_CONVERSION = YES;
				CLANG_WARN_OBJC_ROOT_CLASS = YES_ERROR;
				CLANG_WARN_SUSPICIOUS_MOVE = YES;
				CLANG_WARN_SUSPICIOUS_MOVES = YES;
				CLANG_WARN_UNREACHABLE_CODE = YES;
				CLANG_WARN__DUPLICATE_METHOD_MATCH = YES;
				CODE_SIGN_IDENTITY = "-";
				COPY_PHASE_STRIP = NO;
				DEBUG_INFORMATION_FORMAT = dwarf;
				ENABLE_STRICT_OBJC_MSGSEND = YES;
				ENABLE_TESTABILITY = YES;
				GCC_C_LANGUAGE_STANDARD = gnu99;
				GCC_DYNAMIC_NO_PIC = NO;
				GCC_NO_COMMON_BLOCKS = YES;
				GCC_OPTIMIZATION_LEVEL = 0;
				GCC_PREPROCESSOR_DEFINITIONS = (
					"DEBUG=1",
					"$(inherited)",
				);
				GCC_WARN_64_TO_32_BIT_CONVERSION = YES;
				GCC_WARN_ABOUT_RETURN_TYPE = YES_ERROR;
				GCC_WARN_UNDECLARED_SELECTOR = YES;
				GCC_WARN_UNINITIALIZED_AUTOS = YES_AGGRESSIVE;
				GCC_WARN_UNUSED_FUNCTION = YES;
				GCC_WARN_UNUSED_VARIABLE = YES;
				MACOSX_DEPLOYMENT_TARGET = 10.12;
				MTL_ENABLE_DEBUG_INFO = YES;
				ONLY_ACTIVE_ARCH = YES;
				SDKROOT = macosx;
			};
			name = Debug;
		};
		D8CECD801DFAA83F0057A8DE /* Release */ = {
			isa = XCBuildConfiguration;
			buildSettings = {
				ALWAYS_SEARCH_USER_PATHS = NO;
				CLANG_ANALYZER_NONNULL = YES;
				CLANG_CXX_LANGUAGE_STANDARD = "gnu++0x";
				CLANG_CXX_LIBRARY = "libc++";
				CLANG_ENABLE_MODULES = YES;
				CLANG_ENABLE_OBJC_ARC = YES;
				CLANG_WARN_BOOL_CONVERSION = YES;
				CLANG_WARN_CONSTANT_CONVERSION = YES;
				CLANG_WARN_DIRECT_OBJC_ISA_USAGE = YES_ERROR;
				CLANG_WARN_DOCUMENTATION_COMMENTS = YES;
				CLANG_WARN_EMPTY_BODY = YES;
				CLANG_WARN_ENUM_CONVERSION = YES;
				CLANG_WARN_INFINITE_RECURSION = YES;
				CLANG_WARN_INT_CONVERSION = YES;
				CLANG_WARN_OBJC_ROOT_CLASS = YES_ERROR;
				CLANG_WARN_SUSPICIOUS_MOVE = YES;
				CLANG_WARN_SUSPICIOUS_MOVES = YES;
				CLANG_WARN_UNREACHABLE_CODE = YES;
				CLANG_WARN__DUPLICATE_METHOD_MATCH = YES;
				CODE_SIGN_IDENTITY = "-";
				COPY_PHASE_STRIP = NO;
				DEBUG_INFORMATION_FORMAT = "dwarf-with-dsym";
				ENABLE_NS_ASSERTIONS = NO;
				ENABLE_STRICT_OBJC_MSGSEND = YES;
				GCC_C_LANGUAGE_STANDARD = gnu99;
				GCC_NO_COMMON_BLOCKS = YES;
				GCC_WARN_64_TO_32_BIT_CONVERSION = YES;
				GCC_WARN_ABOUT_RETURN_TYPE = YES_ERROR;
				GCC_WARN_UNDECLARED_SELECTOR = YES;
				GCC_WARN_UNINITIALIZED_AUTOS = YES_AGGRESSIVE;
				GCC_WARN_UNUSED_FUNCTION = YES;
				GCC_WARN_UNUSED_VARIABLE = YES;
				MACOSX_DEPLOYMENT_TARGET = 10.12;
				MTL_ENABLE_DEBUG_INFO = NO;
				SDKROOT = macosx;
			};
			name = Release;
		};
		D8CECD821DFAA83F0057A8DE /* Debug */ = {
			isa = XCBuildConfiguration;
			buildSettings = {
				DEVELOPMENT_TEAM = 8EZ2X7GSMS;
				PRODUCT_NAME = "$(TARGET_NAME)";
			};
			name = Debug;
		};
		D8CECD831DFAA83F0057A8DE /* Release */ = {
			isa = XCBuildConfiguration;
			buildSettings = {
				DEVELOPMENT_TEAM = 8EZ2X7GSMS;
				PRODUCT_NAME = "$(TARGET_NAME)";
			};
			name = Release;
		};
/* End XCBuildConfiguration section */

/* Begin XCConfigurationList section */
		D8CECD751DFAA83F0057A8DE /* Build configuration list for PBXProject "排序算法1_冒泡排序" */ = {
			isa = XCConfigurationList;
			buildConfigurations = (
				D8CECD7F1DFAA83F0057A8DE /* Debug */,
				D8CECD801DFAA83F0057A8DE /* Release */,
			);
			defaultConfigurationIsVisible = 0;
			defaultConfigurationName = Release;
		};
		D8CECD811DFAA83F0057A8DE /* Build configuration list for PBXNativeTarget "排序算法1_冒泡排序" */ = {
			isa = XCConfigurationList;
			buildConfigurations = (
				D8CECD821DFAA83F0057A8DE /* Debug */,
				D8CECD831DFAA83F0057A8DE /* Release */,
			);
			defaultConfigurationIsVisible = 0;
			defaultConfigurationName = Release;
		};
/* End XCConfigurationList section */
	};
	rootObject = D8CECD721DFAA83F0057A8DE /* Project object */;
}
